<?xml version="1.0" encoding="utf-8"?>
<Project ToolsVersion="4.0" xmlns="http://schemas.microsoft.com/developer/msbuild/2003">
  <ItemGroup>
    <Filter Include="FaragonEngine">
      <UniqueIdentifier>{99A78FA3-0568-0BDA-CEA2-54573A2250B6}</UniqueIdentifier>
    </Filter>
    <Filter Include="FaragonEngine\Events">
      <UniqueIdentifier>{5DAD5B1D-493C-E5E6-F25A-F9E1DEC8F58C}</UniqueIdentifier>
    </Filter>
    <Filter Include="FaragonEngine\ImGui">
      <UniqueIdentifier>{83AB0785-EF0C-E592-787A-2B45E4DA1B52}</UniqueIdentifier>
    </Filter>
    <Filter Include="Platform">
      <UniqueIdentifier>{2AC788B4-1694-E3BF-3FAD-D1672BD9184E}</UniqueIdentifier>
    </Filter>
    <Filter Include="Platform\OpenGL">
      <UniqueIdentifier>{1E7D2C1D-8A08-9AE1-9319-1DD6FF23F6E1}</UniqueIdentifier>
    </Filter>
    <Filter Include="Platform\Windows">
      <UniqueIdentifier>{64FBD71A-50F4-F66C-7926-DCF1657ED678}</UniqueIdentifier>
    </Filter>
  </ItemGroup>
  <ItemGroup>
    <ClInclude Include="src\FaragonEngine.h" />
    <ClInclude Include="src\FaragonEngine\Application.h">
      <Filter>FaragonEngine</Filter>
    </ClInclude>
    <ClInclude Include="src\FaragonEngine\Core.h">
      <Filter>FaragonEngine</Filter>
    </ClInclude>
    <ClInclude Include="src\FaragonEngine\EntryPoint.h">
      <Filter>FaragonEngine</Filter>
    </ClInclude>
    <ClInclude Include="src\FaragonEngine\Events\ApplicationEvent.h">
      <Filter>FaragonEngine\Events</Filter>
    </ClInclude>
    <ClInclude Include="src\FaragonEngine\Events\Event.h">
      <Filter>FaragonEngine\Events</Filter>
    </ClInclude>
    <ClInclude Include="src\FaragonEngine\Events\KeyEvent.h">
      <Filter>FaragonEngine\Events</Filter>
    </ClInclude>
    <ClInclude Include="src\FaragonEngine\Events\MouseEvent.h">
      <Filter>FaragonEngine\Events</Filter>
    </ClInclude>
    <ClInclude Include="src\FaragonEngine\Events\WindowEvent.h">
      <Filter>FaragonEngine\Events</Filter>
    </ClInclude>
    <ClInclude Include="src\FaragonEngine\ImGui\ImGuiLayer.h">
      <Filter>FaragonEngine\ImGui</Filter>
    </ClInclude>
    <ClInclude Include="src\FaragonEngine\Layer.h">
      <Filter>FaragonEngine</Filter>
    </ClInclude>
    <ClInclude Include="src\FaragonEngine\LayerStack.h">
      <Filter>FaragonEngine</Filter>
    </ClInclude>
    <ClInclude Include="src\FaragonEngine\Log.h">
      <Filter>FaragonEngine</Filter>
    </ClInclude>
    <ClInclude Include="src\FaragonEngine\Window.h">
      <Filter>FaragonEngine</Filter>
    </ClInclude>
    <ClInclude Include="src\FaragonPCH.h" />
    <ClInclude Include="src\Platform\OpenGL\imgui_impl_glfw.h">
      <Filter>Platform\OpenGL</Filter>
    </ClInclude>
    <ClInclude Include="src\Platform\OpenGL\imgui_impl_opengl3.h">
      <Filter>Platform\OpenGL</Filter>
    </ClInclude>
    <ClInclude Include="src\Platform\OpenGL\imgui_impl_opengl3_loader.h">
      <Filter>Platform\OpenGL</Filter>
    </ClInclude>
    <ClInclude Include="src\Platform\Windows\WindowsWindow.h">
      <Filter>Platform\Windows</Filter>
    </ClInclude>
  </ItemGroup>
  <ItemGroup>
    <ClCompile Include="src\FaragonEngine\Application.cpp">
      <Filter>FaragonEngine</Filter>
    </ClCompile>
    <ClCompile Include="src\FaragonEngine\Events\Event.cpp">
      <Filter>FaragonEngine\Events</Filter>
    </ClCompile>
    <ClCompile Include="src\FaragonEngine\ImGui\ImGuiLayer.cpp">
      <Filter>FaragonEngine\ImGui</Filter>
    </ClCompile>
    <ClCompile Include="src\FaragonEngine\Layer.cpp">
      <Filter>FaragonEngine</Filter>
    </ClCompile>
    <ClCompile Include="src\FaragonEngine\LayerStack.cpp">
      <Filter>FaragonEngine</Filter>
    </ClCompile>
    <ClCompile Include="src\FaragonEngine\Log.cpp">
      <Filter>FaragonEngine</Filter>
    </ClCompile>
    <ClCompile Include="src\FaragonPCH.cpp" />
    <ClCompile Include="src\Platform\OpenGL\imgui_impl_glfw.cpp">
      <Filter>Platform\OpenGL</Filter>
    </ClCompile>
    <ClCompile Include="src\Platform\OpenGL\imgui_impl_opengl3.cpp">
      <Filter>Platform\OpenGL</Filter>
    </ClCompile>
    <ClCompile Include="src\Platform\Windows\WindowsWindow.cpp">
      <Filter>Platform\Windows</Filter>
    </ClCompile>
  </ItemGroup>
</Project>